
Microsoft Visual Studio Solution File, Format Version 12.00
# Visual Studio 15
VisualStudioVersion = 15.0.28307.539
MinimumVisualStudioVersion = 10.0.40219.1
Project("{FAE04EC0-301F-11D3-BF4B-00C04F79EFBC}") = "Алгоритм Шейкер сортировки", "Lab2\Алгоритм Шейкер сортировки.csproj", "{70F154B8-2C56-4413-885A-8D72D006317E}"
EndProject
Project("{FAE04EC0-301F-11D3-BF4B-00C04F79EFBC}") = "Алгоритм Кнутта-Морриса-Пратта", "Lab2_2\Алгоритм Кнутта-Морриса-Пратта.csproj", "{078E880A-2D13-437B-982B-045FB77D57C2}"
EndProject
Project("{FAE04EC0-301F-11D3-BF4B-00C04F79EFBC}") = "Поиск максимального кол-ва повторяющихся в столбце элементов", "Lab2_3\Поиск максимального кол-ва повторяющихся в столбце элементов.csproj", "{2E641352-6A10-4FD3-AAEE-1B5F370B7ACD}"
EndProject
Global
	GlobalSection(SolutionConfigurationPlatforms) = preSolution
		Debug|Any CPU = Debug|Any CPU
		Release|Any CPU = Release|Any CPU
	EndGlobalSection
	GlobalSection(ProjectConfigurationPlatforms) = postSolution
		{70F154B8-2C56-4413-885A-8D72D006317E}.Debug|Any CPU.ActiveCfg = Debug|Any CPU
		{70F154B8-2C56-4413-885A-8D72D006317E}.Debug|Any CPU.Build.0 = Debug|Any CPU
		{70F154B8-2C56-4413-885A-8D72D006317E}.Release|Any CPU.ActiveCfg = Release|Any CPU
		{70F154B8-2C56-4413-885A-8D72D006317E}.Release|Any CPU.Build.0 = Release|Any CPU
		{078E880A-2D13-437B-982B-045FB77D57C2}.Debug|Any CPU.ActiveCfg = Debug|Any CPU
		{078E880A-2D13-437B-982B-045FB77D57C2}.Debug|Any CPU.Build.0 = Debug|Any CPU
		{078E880A-2D13-437B-982B-045FB77D57C2}.Release|Any CPU.ActiveCfg = Release|Any CPU
		{078E880A-2D13-437B-982B-045FB77D57C2}.Release|Any CPU.Build.0 = Release|Any CPU
		{2E641352-6A10-4FD3-AAEE-1B5F370B7ACD}.Debug|Any CPU.ActiveCfg = Debug|Any CPU
		{2E641352-6A10-4FD3-AAEE-1B5F370B7ACD}.Debug|Any CPU.Build.0 = Debug|Any CPU
		{2E641352-6A10-4FD3-AAEE-1B5F370B7ACD}.Release|Any CPU.ActiveCfg = Release|Any CPU
		{2E641352-6A10-4FD3-AAEE-1B5F370B7ACD}.Release|Any CPU.Build.0 = Release|Any CPU
	EndGlobalSection
	GlobalSection(SolutionProperties) = preSolution
		HideSolutionNode = FALSE
	EndGlobalSection
	GlobalSection(ExtensibilityGlobals) = postSolution
		SolutionGuid = {87B8837F-90C6-4BE7-91E5-8574FA238E11}
	EndGlobalSection
EndGlobal
